
Microsoft Visual Studio Solution File, Format Version 12.00
# Visual Studio 14
VisualStudioVersion = 14.0.25420.1
MinimumVisualStudioVersion = 10.0.40219.1
Project("{8BC9CEB8-8B4A-11D0-8D11-00A0C91BC942}") = "ddraw", "ddraw\ddraw.vcxproj", "{4C1BAB9B-316B-41D2-AC2B-18013DCE7D53}"
EndProject
Project("{8BC9CEB8-8B4A-11D0-8D11-00A0C91BC942}") = "d3d9", "d3d9\d3d9.vcxproj", "{7541E660-DC77-4AAF-B9C3-2310723EB1AC}"
EndProject
Project("{8BC9CEB8-8B4A-11D0-8D11-00A0C91BC942}") = "d3d8", "d3d8\d3d8.vcxproj", "{5117B33A-8FA9-4074-A340-8E4E11C9568D}"
EndProject
Project("{8BC9CEB8-8B4A-11D0-8D11-00A0C91BC942}") = "dsound", "dsound\dsound.vcxproj", "{457D22C0-E3D3-4BF7-BD01-144A085C7B75}"
EndProject
Project("{8BC9CEB8-8B4A-11D0-8D11-00A0C91BC942}") = "dinput", "dinput\dinput.vcxproj", "{0C32F7D5-4261-4E29-BBCB-93364B10A7BC}"
EndProject
Project("{8BC9CEB8-8B4A-11D0-8D11-00A0C91BC942}") = "dinput8", "dinput8\dinput8.vcxproj", "{C68F48DD-0B73-4C69-9CEB-D8F3E1369D97}"
EndProject
Global
	GlobalSection(SolutionConfigurationPlatforms) = preSolution
		Debug|Win32 = Debug|Win32
		Release|Win32 = Release|Win32
	EndGlobalSection
	GlobalSection(ProjectConfigurationPlatforms) = postSolution
		{4C1BAB9B-316B-41D2-AC2B-18013DCE7D53}.Debug|Win32.ActiveCfg = Debug|Win32
		{4C1BAB9B-316B-41D2-AC2B-18013DCE7D53}.Debug|Win32.Build.0 = Debug|Win32
		{4C1BAB9B-316B-41D2-AC2B-18013DCE7D53}.Release|Win32.ActiveCfg = Release|Win32
		{4C1BAB9B-316B-41D2-AC2B-18013DCE7D53}.Release|Win32.Build.0 = Release|Win32
		{7541E660-DC77-4AAF-B9C3-2310723EB1AC}.Debug|Win32.ActiveCfg = Debug|Win32
		{7541E660-DC77-4AAF-B9C3-2310723EB1AC}.Debug|Win32.Build.0 = Debug|Win32
		{7541E660-DC77-4AAF-B9C3-2310723EB1AC}.Release|Win32.ActiveCfg = Release|Win32
		{7541E660-DC77-4AAF-B9C3-2310723EB1AC}.Release|Win32.Build.0 = Release|Win32
		{5117B33A-8FA9-4074-A340-8E4E11C9568D}.Debug|Win32.ActiveCfg = Debug|Win32
		{5117B33A-8FA9-4074-A340-8E4E11C9568D}.Debug|Win32.Build.0 = Debug|Win32
		{5117B33A-8FA9-4074-A340-8E4E11C9568D}.Release|Win32.ActiveCfg = Release|Win32
		{5117B33A-8FA9-4074-A340-8E4E11C9568D}.Release|Win32.Build.0 = Release|Win32
		{457D22C0-E3D3-4BF7-BD01-144A085C7B75}.Debug|Win32.ActiveCfg = Debug|Win32
		{457D22C0-E3D3-4BF7-BD01-144A085C7B75}.Debug|Win32.Build.0 = Debug|Win32
		{457D22C0-E3D3-4BF7-BD01-144A085C7B75}.Release|Win32.ActiveCfg = Release|Win32
		{457D22C0-E3D3-4BF7-BD01-144A085C7B75}.Release|Win32.Build.0 = Release|Win32
		{0C32F7D5-4261-4E29-BBCB-93364B10A7BC}.Debug|Win32.ActiveCfg = Debug|Win32
		{0C32F7D5-4261-4E29-BBCB-93364B10A7BC}.Debug|Win32.Build.0 = Debug|Win32
		{0C32F7D5-4261-4E29-BBCB-93364B10A7BC}.Release|Win32.ActiveCfg = Release|Win32
		{0C32F7D5-4261-4E29-BBCB-93364B10A7BC}.Release|Win32.Build.0 = Release|Win32
		{C68F48DD-0B73-4C69-9CEB-D8F3E1369D97}.Debug|Win32.ActiveCfg = Debug|Win32
		{C68F48DD-0B73-4C69-9CEB-D8F3E1369D97}.Debug|Win32.Build.0 = Debug|Win32
		{C68F48DD-0B73-4C69-9CEB-D8F3E1369D97}.Release|Win32.ActiveCfg = Release|Win32
		{C68F48DD-0B73-4C69-9CEB-D8F3E1369D97}.Release|Win32.Build.0 = Release|Win32
	EndGlobalSection
	GlobalSection(SolutionProperties) = preSolution
		HideSolutionNode = FALSE
	EndGlobalSection
EndGlobal
